// !$*UTF8*$!
{
	archiveVersion = 1;
	classes = {
	};
	objectVersion = 46;
	objects = {

/* Begin PBXBuildFile section */
		3549BB501DA38A2000C63030 /* MLAudioPlayer.h in Headers */ = {isa = PBXBuildFile; fileRef = 3549BB181DA3890B00C63030 /* MLAudioPlayer.h */; settings = {ATTRIBUTES = (Public, ); }; };
		3549BB8B1DA38C0A00C63030 /* MLAudioPlayerSpec.swift in Sources */ = {isa = PBXBuildFile; fileRef = 3549BB8A1DA38C0A00C63030 /* MLAudioPlayerSpec.swift */; };
		359649031FB18CC000FC7ADC /* MLAudioPlayer.swift in Sources */ = {isa = PBXBuildFile; fileRef = 359649021FB18CBF00FC7ADC /* MLAudioPlayer.swift */; };
		35B7422F1F82A5E000829B21 /* Nimble.framework in Embed Frameworks */ = {isa = PBXBuildFile; fileRef = 35B7422D1F82A5DF00829B21 /* Nimble.framework */; settings = {ATTRIBUTES = (CodeSignOnCopy, RemoveHeadersOnCopy, ); }; };
		35B742301F82A5E000829B21 /* Quick.framework in Embed Frameworks */ = {isa = PBXBuildFile; fileRef = 35B7422E1F82A5E000829B21 /* Quick.framework */; settings = {ATTRIBUTES = (CodeSignOnCopy, RemoveHeadersOnCopy, ); }; };
		35B742311F82A5EC00829B21 /* Nimble.framework in Frameworks */ = {isa = PBXBuildFile; fileRef = 35B7422D1F82A5DF00829B21 /* Nimble.framework */; };
		35B742321F82A5EC00829B21 /* Quick.framework in Frameworks */ = {isa = PBXBuildFile; fileRef = 35B7422E1F82A5E000829B21 /* Quick.framework */; };
		D05788DC22859AAA00DF26E6 /* AppDelegate.swift in Sources */ = {isa = PBXBuildFile; fileRef = D05788DB22859AAA00DF26E6 /* AppDelegate.swift */; };
		D05788DE22859AAA00DF26E6 /* ViewController.swift in Sources */ = {isa = PBXBuildFile; fileRef = D05788DD22859AAA00DF26E6 /* ViewController.swift */; };
		D05788E122859AAA00DF26E6 /* Main.storyboard in Resources */ = {isa = PBXBuildFile; fileRef = D05788DF22859AAA00DF26E6 /* Main.storyboard */; };
		D05788E322859AAF00DF26E6 /* Assets.xcassets in Resources */ = {isa = PBXBuildFile; fileRef = D05788E222859AAF00DF26E6 /* Assets.xcassets */; };
		D05788E622859AAF00DF26E6 /* LaunchScreen.storyboard in Resources */ = {isa = PBXBuildFile; fileRef = D05788E422859AAF00DF26E6 /* LaunchScreen.storyboard */; };
		D05788F122859AAF00DF26E6 /* MLAudioPlayerDemoTests.swift in Sources */ = {isa = PBXBuildFile; fileRef = D05788F022859AAF00DF26E6 /* MLAudioPlayerDemoTests.swift */; };
		D05788FC22859AAF00DF26E6 /* MLAudioPlayerDemoUITests.swift in Sources */ = {isa = PBXBuildFile; fileRef = D05788FB22859AAF00DF26E6 /* MLAudioPlayerDemoUITests.swift */; };
		D075F63C2285AF0C00BDD92D /* MLAudioPlayer.framework in Frameworks */ = {isa = PBXBuildFile; fileRef = 3549BB211DA389CD00C63030 /* MLAudioPlayer.framework */; };
		D075F63D2285AF0C00BDD92D /* MLAudioPlayer.framework in Embed Frameworks */ = {isa = PBXBuildFile; fileRef = 3549BB211DA389CD00C63030 /* MLAudioPlayer.framework */; settings = {ATTRIBUTES = (CodeSignOnCopy, RemoveHeadersOnCopy, ); }; };
		D0AC043121231A21002584B2 /* MLAudioPlayerProtocol.swift in Sources */ = {isa = PBXBuildFile; fileRef = D0AC043021231A21002584B2 /* MLAudioPlayerProtocol.swift */; };
		D0AC043421231A4C002584B2 /* MLAudioPlayerManager.swift in Sources */ = {isa = PBXBuildFile; fileRef = D0AC043321231A4C002584B2 /* MLAudioPlayerManager.swift */; };
		D0AC043721231C36002584B2 /* MLPlayerButtonView.swift in Sources */ = {isa = PBXBuildFile; fileRef = D0AC043621231C36002584B2 /* MLPlayerButtonView.swift */; };
		D0AC043A21231C55002584B2 /* MLTrackPlayerView.swift in Sources */ = {isa = PBXBuildFile; fileRef = D0AC043921231C55002584B2 /* MLTrackPlayerView.swift */; };
		D0AC043D21231C78002584B2 /* MLLabel.swift in Sources */ = {isa = PBXBuildFile; fileRef = D0AC043C21231C78002584B2 /* MLLabel.swift */; };
		D0AC044321231CAD002584B2 /* UIColor+Hex.swift in Sources */ = {isa = PBXBuildFile; fileRef = D0AC044221231CAC002584B2 /* UIColor+Hex.swift */; };
		D0AC044B21231E88002584B2 /* ViewConfiguration.swift in Sources */ = {isa = PBXBuildFile; fileRef = D0AC044A21231E88002584B2 /* ViewConfiguration.swift */; };
		D0AC044E21231F28002584B2 /* MLGlobalAnimations.swift in Sources */ = {isa = PBXBuildFile; fileRef = D0AC044D21231F28002584B2 /* MLGlobalAnimations.swift */; };
		D0AC04562123635D002584B2 /* MLRetryButton.swift in Sources */ = {isa = PBXBuildFile; fileRef = D0AC04552123635D002584B2 /* MLRetryButton.swift */; };
		D0AC045A2124A35F002584B2 /* MLPlayerConfig.swift in Sources */ = {isa = PBXBuildFile; fileRef = D0AC04592124A35F002584B2 /* MLPlayerConfig.swift */; };
		D0FA27D822B13A99004A1CC8 /* ViewController2.swift in Sources */ = {isa = PBXBuildFile; fileRef = D0FA27D722B13A99004A1CC8 /* ViewController2.swift */; };
/* End PBXBuildFile section */

/* Begin PBXContainerItemProxy section */
		3549BB671DA38ADB00C63030 /* PBXContainerItemProxy */ = {
			isa = PBXContainerItemProxy;
			containerPortal = 3549BAFC1DA387DB00C63030 /* Project object */;
			proxyType = 1;
			remoteGlobalIDString = 3549BB201DA389CD00C63030;
			remoteInfo = "MLAudioPlayer-iOS";
		};
		D05788ED22859AAF00DF26E6 /* PBXContainerItemProxy */ = {
			isa = PBXContainerItemProxy;
			containerPortal = 3549BAFC1DA387DB00C63030 /* Project object */;
			proxyType = 1;
			remoteGlobalIDString = D05788D822859AAA00DF26E6;
			remoteInfo = MLAudioPlayerDemo;
		};
		D05788F822859AAF00DF26E6 /* PBXContainerItemProxy */ = {
			isa = PBXContainerItemProxy;
			containerPortal = 3549BAFC1DA387DB00C63030 /* Project object */;
			proxyType = 1;
			remoteGlobalIDString = D05788D822859AAA00DF26E6;
			remoteInfo = MLAudioPlayerDemo;
		};
		D075F63E2285AF0C00BDD92D /* PBXContainerItemProxy */ = {
			isa = PBXContainerItemProxy;
			containerPortal = 3549BAFC1DA387DB00C63030 /* Project object */;
			proxyType = 1;
			remoteGlobalIDString = 3549BB201DA389CD00C63030;
			remoteInfo = "MLAudioPlayer-iOS";
		};
/* End PBXContainerItemProxy section */

/* Begin PBXCopyFilesBuildPhase section */
		35B7422C1F82A2C700829B21 /* Embed Frameworks */ = {
			isa = PBXCopyFilesBuildPhase;
			buildActionMask = 2147483647;
			dstPath = "";
			dstSubfolderSpec = 10;
			files = (
				35B7422F1F82A5E000829B21 /* Nimble.framework in Embed Frameworks */,
				35B742301F82A5E000829B21 /* Quick.framework in Embed Frameworks */,
			);
			name = "Embed Frameworks";
			runOnlyForDeploymentPostprocessing = 0;
		};
		D075F6402285AF0C00BDD92D /* Embed Frameworks */ = {
			isa = PBXCopyFilesBuildPhase;
			buildActionMask = 2147483647;
			dstPath = "";
			dstSubfolderSpec = 10;
			files = (
				D075F63D2285AF0C00BDD92D /* MLAudioPlayer.framework in Embed Frameworks */,
			);
			name = "Embed Frameworks";
			runOnlyForDeploymentPostprocessing = 0;
		};
/* End PBXCopyFilesBuildPhase section */

/* Begin PBXFileReference section */
		3549BB171DA3890B00C63030 /* Info.plist */ = {isa = PBXFileReference; fileEncoding = 4; lastKnownFileType = text.plist.xml; path = Info.plist; sourceTree = "<group>"; };
		3549BB181DA3890B00C63030 /* MLAudioPlayer.h */ = {isa = PBXFileReference; fileEncoding = 4; lastKnownFileType = sourcecode.c.h; path = MLAudioPlayer.h; sourceTree = "<group>"; };
		3549BB211DA389CD00C63030 /* MLAudioPlayer.framework */ = {isa = PBXFileReference; explicitFileType = wrapper.framework; includeInIndex = 0; path = MLAudioPlayer.framework; sourceTree = BUILT_PRODUCTS_DIR; };
		3549BB581DA38A8800C63030 /* Info.plist */ = {isa = PBXFileReference; fileEncoding = 4; lastKnownFileType = text.plist.xml; path = Info.plist; sourceTree = "<group>"; };
		3549BB611DA38ADB00C63030 /* MLAudioPlayerTests-iOS.xctest */ = {isa = PBXFileReference; explicitFileType = wrapper.cfbundle; includeInIndex = 0; path = "MLAudioPlayerTests-iOS.xctest"; sourceTree = BUILT_PRODUCTS_DIR; };
		3549BB8A1DA38C0A00C63030 /* MLAudioPlayerSpec.swift */ = {isa = PBXFileReference; fileEncoding = 4; lastKnownFileType = sourcecode.swift; path = MLAudioPlayerSpec.swift; sourceTree = "<group>"; };
		359649021FB18CBF00FC7ADC /* MLAudioPlayer.swift */ = {isa = PBXFileReference; fileEncoding = 4; lastKnownFileType = sourcecode.swift; path = MLAudioPlayer.swift; sourceTree = "<group>"; };
		35B7422D1F82A5DF00829B21 /* Nimble.framework */ = {isa = PBXFileReference; lastKnownFileType = wrapper.framework; name = Nimble.framework; path = Carthage/Build/iOS/Nimble.framework; sourceTree = "<group>"; };
		35B7422E1F82A5E000829B21 /* Quick.framework */ = {isa = PBXFileReference; lastKnownFileType = wrapper.framework; name = Quick.framework; path = Carthage/Build/iOS/Quick.framework; sourceTree = "<group>"; };
		D05788D922859AAA00DF26E6 /* MLAudioPlayerDemo.app */ = {isa = PBXFileReference; explicitFileType = wrapper.application; includeInIndex = 0; path = MLAudioPlayerDemo.app; sourceTree = BUILT_PRODUCTS_DIR; };
		D05788DB22859AAA00DF26E6 /* AppDelegate.swift */ = {isa = PBXFileReference; lastKnownFileType = sourcecode.swift; path = AppDelegate.swift; sourceTree = "<group>"; };
		D05788DD22859AAA00DF26E6 /* ViewController.swift */ = {isa = PBXFileReference; lastKnownFileType = sourcecode.swift; path = ViewController.swift; sourceTree = "<group>"; };
		D05788E022859AAA00DF26E6 /* Base */ = {isa = PBXFileReference; lastKnownFileType = file.storyboard; name = Base; path = Base.lproj/Main.storyboard; sourceTree = "<group>"; };
		D05788E222859AAF00DF26E6 /* Assets.xcassets */ = {isa = PBXFileReference; lastKnownFileType = folder.assetcatalog; path = Assets.xcassets; sourceTree = "<group>"; };
		D05788E522859AAF00DF26E6 /* Base */ = {isa = PBXFileReference; lastKnownFileType = file.storyboard; name = Base; path = Base.lproj/LaunchScreen.storyboard; sourceTree = "<group>"; };
		D05788E722859AAF00DF26E6 /* Info.plist */ = {isa = PBXFileReference; lastKnownFileType = text.plist.xml; path = Info.plist; sourceTree = "<group>"; };
		D05788EC22859AAF00DF26E6 /* MLAudioPlayerDemoTests.xctest */ = {isa = PBXFileReference; explicitFileType = wrapper.cfbundle; includeInIndex = 0; path = MLAudioPlayerDemoTests.xctest; sourceTree = BUILT_PRODUCTS_DIR; };
		D05788F022859AAF00DF26E6 /* MLAudioPlayerDemoTests.swift */ = {isa = PBXFileReference; lastKnownFileType = sourcecode.swift; path = MLAudioPlayerDemoTests.swift; sourceTree = "<group>"; };
		D05788F222859AAF00DF26E6 /* Info.plist */ = {isa = PBXFileReference; lastKnownFileType = text.plist.xml; path = Info.plist; sourceTree = "<group>"; };
		D05788F722859AAF00DF26E6 /* MLAudioPlayerDemoUITests.xctest */ = {isa = PBXFileReference; explicitFileType = wrapper.cfbundle; includeInIndex = 0; path = MLAudioPlayerDemoUITests.xctest; sourceTree = BUILT_PRODUCTS_DIR; };
		D05788FB22859AAF00DF26E6 /* MLAudioPlayerDemoUITests.swift */ = {isa = PBXFileReference; lastKnownFileType = sourcecode.swift; path = MLAudioPlayerDemoUITests.swift; sourceTree = "<group>"; };
		D05788FD22859AAF00DF26E6 /* Info.plist */ = {isa = PBXFileReference; lastKnownFileType = text.plist.xml; path = Info.plist; sourceTree = "<group>"; };
		D0AC043021231A21002584B2 /* MLAudioPlayerProtocol.swift */ = {isa = PBXFileReference; fileEncoding = 4; lastKnownFileType = sourcecode.swift; path = MLAudioPlayerProtocol.swift; sourceTree = "<group>"; };
		D0AC043321231A4C002584B2 /* MLAudioPlayerManager.swift */ = {isa = PBXFileReference; fileEncoding = 4; lastKnownFileType = sourcecode.swift; path = MLAudioPlayerManager.swift; sourceTree = "<group>"; };
		D0AC043621231C36002584B2 /* MLPlayerButtonView.swift */ = {isa = PBXFileReference; fileEncoding = 4; lastKnownFileType = sourcecode.swift; path = MLPlayerButtonView.swift; sourceTree = "<group>"; };
		D0AC043921231C55002584B2 /* MLTrackPlayerView.swift */ = {isa = PBXFileReference; fileEncoding = 4; lastKnownFileType = sourcecode.swift; path = MLTrackPlayerView.swift; sourceTree = "<group>"; };
		D0AC043C21231C78002584B2 /* MLLabel.swift */ = {isa = PBXFileReference; fileEncoding = 4; lastKnownFileType = sourcecode.swift; path = MLLabel.swift; sourceTree = "<group>"; };
		D0AC044221231CAC002584B2 /* UIColor+Hex.swift */ = {isa = PBXFileReference; fileEncoding = 4; lastKnownFileType = sourcecode.swift; path = "UIColor+Hex.swift"; sourceTree = "<group>"; };
		D0AC044A21231E88002584B2 /* ViewConfiguration.swift */ = {isa = PBXFileReference; lastKnownFileType = sourcecode.swift; path = ViewConfiguration.swift; sourceTree = "<group>"; };
		D0AC044D21231F28002584B2 /* MLGlobalAnimations.swift */ = {isa = PBXFileReference; fileEncoding = 4; lastKnownFileType = sourcecode.swift; path = MLGlobalAnimations.swift; sourceTree = "<group>"; };
		D0AC04552123635D002584B2 /* MLRetryButton.swift */ = {isa = PBXFileReference; lastKnownFileType = sourcecode.swift; path = MLRetryButton.swift; sourceTree = "<group>"; };
		D0AC04592124A35F002584B2 /* MLPlayerConfig.swift */ = {isa = PBXFileReference; lastKnownFileType = sourcecode.swift; path = MLPlayerConfig.swift; sourceTree = "<group>"; };
		D0FA27D722B13A99004A1CC8 /* ViewController2.swift */ = {isa = PBXFileReference; lastKnownFileType = sourcecode.swift; path = ViewController2.swift; sourceTree = "<group>"; };
/* End PBXFileReference section */

/* Begin PBXFrameworksBuildPhase section */
		3549BB1D1DA389CD00C63030 /* Frameworks */ = {
			isa = PBXFrameworksBuildPhase;
			buildActionMask = 2147483647;
			files = (
			);
			runOnlyForDeploymentPostprocessing = 0;
		};
		3549BB5E1DA38ADB00C63030 /* Frameworks */ = {
			isa = PBXFrameworksBuildPhase;
			buildActionMask = 2147483647;
			files = (
				35B742311F82A5EC00829B21 /* Nimble.framework in Frameworks */,
				35B742321F82A5EC00829B21 /* Quick.framework in Frameworks */,
			);
			runOnlyForDeploymentPostprocessing = 0;
		};
		D05788D622859AAA00DF26E6 /* Frameworks */ = {
			isa = PBXFrameworksBuildPhase;
			buildActionMask = 2147483647;
			files = (
				D075F63C2285AF0C00BDD92D /* MLAudioPlayer.framework in Frameworks */,
			);
			runOnlyForDeploymentPostprocessing = 0;
		};
		D05788E922859AAF00DF26E6 /* Frameworks */ = {
			isa = PBXFrameworksBuildPhase;
			buildActionMask = 2147483647;
			files = (
			);
			runOnlyForDeploymentPostprocessing = 0;
		};
		D05788F422859AAF00DF26E6 /* Frameworks */ = {
			isa = PBXFrameworksBuildPhase;
			buildActionMask = 2147483647;
			files = (
			);
			runOnlyForDeploymentPostprocessing = 0;
		};
/* End PBXFrameworksBuildPhase section */

/* Begin PBXGroup section */
		3549BAFB1DA387DB00C63030 = {
			isa = PBXGroup;
			children = (
				3549BB161DA3890B00C63030 /* Sources */,
				3549BB191DA3890B00C63030 /* Tests */,
				D05788DA22859AAA00DF26E6 /* MLAudioPlayerDemo */,
				D05788EF22859AAF00DF26E6 /* MLAudioPlayerDemoTests */,
				D05788FA22859AAF00DF26E6 /* MLAudioPlayerDemoUITests */,
				3549BB061DA387DB00C63030 /* Products */,
				357D954B1DA3F2B400AEC55F /* Frameworks */,
			);
			sourceTree = "<group>";
		};
		3549BB061DA387DB00C63030 /* Products */ = {
			isa = PBXGroup;
			children = (
				3549BB211DA389CD00C63030 /* MLAudioPlayer.framework */,
				3549BB611DA38ADB00C63030 /* MLAudioPlayerTests-iOS.xctest */,
				D05788D922859AAA00DF26E6 /* MLAudioPlayerDemo.app */,
				D05788EC22859AAF00DF26E6 /* MLAudioPlayerDemoTests.xctest */,
				D05788F722859AAF00DF26E6 /* MLAudioPlayerDemoUITests.xctest */,
			);
			name = Products;
			sourceTree = "<group>";
		};
		3549BB161DA3890B00C63030 /* Sources */ = {
			isa = PBXGroup;
			children = (
				359649011FB18CBF00FC7ADC /* Core */,
				3549BB541DA38A4000C63030 /* Supporting Files */,
			);
			path = Sources;
			sourceTree = "<group>";
		};
		3549BB191DA3890B00C63030 /* Tests */ = {
			isa = PBXGroup;
			children = (
				3549BB8A1DA38C0A00C63030 /* MLAudioPlayerSpec.swift */,
				3549BB5B1DA38A8C00C63030 /* Supporting Files */,
			);
			path = Tests;
			sourceTree = "<group>";
		};
		3549BB541DA38A4000C63030 /* Supporting Files */ = {
			isa = PBXGroup;
			children = (
				3549BB181DA3890B00C63030 /* MLAudioPlayer.h */,
				3549BB171DA3890B00C63030 /* Info.plist */,
			);
			name = "Supporting Files";
			sourceTree = "<group>";
		};
		3549BB5B1DA38A8C00C63030 /* Supporting Files */ = {
			isa = PBXGroup;
			children = (
				3549BB581DA38A8800C63030 /* Info.plist */,
			);
			name = "Supporting Files";
			sourceTree = "<group>";
		};
		357D954B1DA3F2B400AEC55F /* Frameworks */ = {
			isa = PBXGroup;
			children = (
				35B7422D1F82A5DF00829B21 /* Nimble.framework */,
				35B7422E1F82A5E000829B21 /* Quick.framework */,
			);
			name = Frameworks;
			sourceTree = "<group>";
		};
		359649011FB18CBF00FC7ADC /* Core */ = {
			isa = PBXGroup;
			children = (
				359649021FB18CBF00FC7ADC /* MLAudioPlayer.swift */,
				D0AC043021231A21002584B2 /* MLAudioPlayerProtocol.swift */,
				D0AC043321231A4C002584B2 /* MLAudioPlayerManager.swift */,
				D0AC043621231C36002584B2 /* MLPlayerButtonView.swift */,
				D0AC043921231C55002584B2 /* MLTrackPlayerView.swift */,
				D0AC043C21231C78002584B2 /* MLLabel.swift */,
				D0AC044221231CAC002584B2 /* UIColor+Hex.swift */,
				D0AC044A21231E88002584B2 /* ViewConfiguration.swift */,
				D0AC044D21231F28002584B2 /* MLGlobalAnimations.swift */,
				D0AC04552123635D002584B2 /* MLRetryButton.swift */,
				D0AC04592124A35F002584B2 /* MLPlayerConfig.swift */,
			);
			path = Core;
			sourceTree = "<group>";
		};
		D05788DA22859AAA00DF26E6 /* MLAudioPlayerDemo */ = {
			isa = PBXGroup;
			children = (
				D05788DB22859AAA00DF26E6 /* AppDelegate.swift */,
				D05788E222859AAF00DF26E6 /* Assets.xcassets */,
				D05788E722859AAF00DF26E6 /* Info.plist */,
				D05788E422859AAF00DF26E6 /* LaunchScreen.storyboard */,
				D05788DF22859AAA00DF26E6 /* Main.storyboard */,
				D05788DD22859AAA00DF26E6 /* ViewController.swift */,
				D0FA27D722B13A99004A1CC8 /* ViewController2.swift */,
			);
			path = MLAudioPlayerDemo;
			sourceTree = "<group>";
		};
		D05788EF22859AAF00DF26E6 /* MLAudioPlayerDemoTests */ = {
			isa = PBXGroup;
			children = (
				D05788F022859AAF00DF26E6 /* MLAudioPlayerDemoTests.swift */,
				D05788F222859AAF00DF26E6 /* Info.plist */,
			);
			path = MLAudioPlayerDemoTests;
			sourceTree = "<group>";
		};
		D05788FA22859AAF00DF26E6 /* MLAudioPlayerDemoUITests */ = {
			isa = PBXGroup;
			children = (
				D05788FB22859AAF00DF26E6 /* MLAudioPlayerDemoUITests.swift */,
				D05788FD22859AAF00DF26E6 /* Info.plist */,
			);
			path = MLAudioPlayerDemoUITests;
			sourceTree = "<group>";
		};
/* End PBXGroup section */

/* Begin PBXHeadersBuildPhase section */
		3549BB1E1DA389CD00C63030 /* Headers */ = {
			isa = PBXHeadersBuildPhase;
			buildActionMask = 2147483647;
			files = (
				3549BB501DA38A2000C63030 /* MLAudioPlayer.h in Headers */,
			);
			runOnlyForDeploymentPostprocessing = 0;
		};
/* End PBXHeadersBuildPhase section */

/* Begin PBXNativeTarget section */
		3549BB201DA389CD00C63030 /* MLAudioPlayer-iOS */ = {
			isa = PBXNativeTarget;
			buildConfigurationList = 3549BB261DA389CD00C63030 /* Build configuration list for PBXNativeTarget "MLAudioPlayer-iOS" */;
			buildPhases = (
				3549BB1C1DA389CD00C63030 /* Sources */,
				3549BB1D1DA389CD00C63030 /* Frameworks */,
				3549BB1E1DA389CD00C63030 /* Headers */,
				3549BB1F1DA389CD00C63030 /* Resources */,
			);
			buildRules = (
			);
			dependencies = (
			);
			name = "MLAudioPlayer-iOS";
			productName = "MLAudioPlayer-iOS";
			productReference = 3549BB211DA389CD00C63030 /* MLAudioPlayer.framework */;
			productType = "com.apple.product-type.framework";
		};
		3549BB601DA38ADB00C63030 /* MLAudioPlayerTests-iOS */ = {
			isa = PBXNativeTarget;
			buildConfigurationList = 3549BB691DA38ADB00C63030 /* Build configuration list for PBXNativeTarget "MLAudioPlayerTests-iOS" */;
			buildPhases = (
				3549BB5D1DA38ADB00C63030 /* Sources */,
				3549BB5E1DA38ADB00C63030 /* Frameworks */,
				3549BB5F1DA38ADB00C63030 /* Resources */,
				35B7422C1F82A2C700829B21 /* Embed Frameworks */,
			);
			buildRules = (
			);
			dependencies = (
				3549BB681DA38ADB00C63030 /* PBXTargetDependency */,
			);
			name = "MLAudioPlayerTests-iOS";
			productName = "MLAudioPlayerTests-iOS";
			productReference = 3549BB611DA38ADB00C63030 /* MLAudioPlayerTests-iOS.xctest */;
			productType = "com.apple.product-type.bundle.unit-test";
		};
		D05788D822859AAA00DF26E6 /* MLAudioPlayerDemo */ = {
			isa = PBXNativeTarget;
			buildConfigurationList = D057890422859AAF00DF26E6 /* Build configuration list for PBXNativeTarget "MLAudioPlayerDemo" */;
			buildPhases = (
				D05788D522859AAA00DF26E6 /* Sources */,
				D05788D622859AAA00DF26E6 /* Frameworks */,
				D05788D722859AAA00DF26E6 /* Resources */,
				D075F6402285AF0C00BDD92D /* Embed Frameworks */,
			);
			buildRules = (
			);
			dependencies = (
				D075F63F2285AF0C00BDD92D /* PBXTargetDependency */,
			);
			name = MLAudioPlayerDemo;
			productName = MLAudioPlayerDemo;
			productReference = D05788D922859AAA00DF26E6 /* MLAudioPlayerDemo.app */;
			productType = "com.apple.product-type.application";
		};
		D05788EB22859AAF00DF26E6 /* MLAudioPlayerDemoTests */ = {
			isa = PBXNativeTarget;
			buildConfigurationList = D057890522859AAF00DF26E6 /* Build configuration list for PBXNativeTarget "MLAudioPlayerDemoTests" */;
			buildPhases = (
				D05788E822859AAF00DF26E6 /* Sources */,
				D05788E922859AAF00DF26E6 /* Frameworks */,
				D05788EA22859AAF00DF26E6 /* Resources */,
			);
			buildRules = (
			);
			dependencies = (
				D05788EE22859AAF00DF26E6 /* PBXTargetDependency */,
			);
			name = MLAudioPlayerDemoTests;
			productName = MLAudioPlayerDemoTests;
			productReference = D05788EC22859AAF00DF26E6 /* MLAudioPlayerDemoTests.xctest */;
			productType = "com.apple.product-type.bundle.unit-test";
		};
		D05788F622859AAF00DF26E6 /* MLAudioPlayerDemoUITests */ = {
			isa = PBXNativeTarget;
			buildConfigurationList = D057890622859AAF00DF26E6 /* Build configuration list for PBXNativeTarget "MLAudioPlayerDemoUITests" */;
			buildPhases = (
				D05788F322859AAF00DF26E6 /* Sources */,
				D05788F422859AAF00DF26E6 /* Frameworks */,
				D05788F522859AAF00DF26E6 /* Resources */,
			);
			buildRules = (
			);
			dependencies = (
				D05788F922859AAF00DF26E6 /* PBXTargetDependency */,
			);
			name = MLAudioPlayerDemoUITests;
			productName = MLAudioPlayerDemoUITests;
			productReference = D05788F722859AAF00DF26E6 /* MLAudioPlayerDemoUITests.xctest */;
			productType = "com.apple.product-type.bundle.ui-testing";
		};
/* End PBXNativeTarget section */

/* Begin PBXProject section */
		3549BAFC1DA387DB00C63030 /* Project object */ = {
			isa = PBXProject;
			attributes = {
				LastSwiftUpdateCheck = 1020;
				LastUpgradeCheck = 0930;
				ORGANIZATIONNAME = micheltlutz;
				TargetAttributes = {
					3549BB201DA389CD00C63030 = {
						CreatedOnToolsVersion = 8.0;
						DevelopmentTeam = 25RYDD756Z;
						LastSwiftMigration = "";
						ProvisioningStyle = Automatic;
					};
					3549BB601DA38ADB00C63030 = {
						CreatedOnToolsVersion = 8.0;
						LastSwiftMigration = "";
						ProvisioningStyle = Automatic;
					};
					D05788D822859AAA00DF26E6 = {
						CreatedOnToolsVersion = 10.2.1;
						DevelopmentTeam = 25RYDD756Z;
						ProvisioningStyle = Automatic;
						SystemCapabilities = {
							com.apple.BackgroundModes = {
								enabled = 1;
							};
						};
					};
					D05788EB22859AAF00DF26E6 = {
						CreatedOnToolsVersion = 10.2.1;
						DevelopmentTeam = 25RYDD756Z;
						ProvisioningStyle = Automatic;
						TestTargetID = D05788D822859AAA00DF26E6;
					};
					D05788F622859AAF00DF26E6 = {
						CreatedOnToolsVersion = 10.2.1;
						DevelopmentTeam = 25RYDD756Z;
						ProvisioningStyle = Automatic;
						TestTargetID = D05788D822859AAA00DF26E6;
					};
				};
			};
			buildConfigurationList = 3549BAFF1DA387DB00C63030 /* Build configuration list for PBXProject "MLAudioPlayer" */;
			compatibilityVersion = "Xcode 3.2";
			developmentRegion = English;
			hasScannedForEncodings = 0;
			knownRegions = (
				English,
				en,
				Base,
			);
			mainGroup = 3549BAFB1DA387DB00C63030;
			productRefGroup = 3549BB061DA387DB00C63030 /* Products */;
			projectDirPath = "";
			projectRoot = "";
			targets = (
				3549BB201DA389CD00C63030 /* MLAudioPlayer-iOS */,
				3549BB601DA38ADB00C63030 /* MLAudioPlayerTests-iOS */,
				D05788D822859AAA00DF26E6 /* MLAudioPlayerDemo */,
				D05788EB22859AAF00DF26E6 /* MLAudioPlayerDemoTests */,
				D05788F622859AAF00DF26E6 /* MLAudioPlayerDemoUITests */,
			);
		};
/* End PBXProject section */

/* Begin PBXResourcesBuildPhase section */
		3549BB1F1DA389CD00C63030 /* Resources */ = {
			isa = PBXResourcesBuildPhase;
			buildActionMask = 2147483647;
			files = (
			);
			runOnlyForDeploymentPostprocessing = 0;
		};
		3549BB5F1DA38ADB00C63030 /* Resources */ = {
			isa = PBXResourcesBuildPhase;
			buildActionMask = 2147483647;
			files = (
			);
			runOnlyForDeploymentPostprocessing = 0;
		};
		D05788D722859AAA00DF26E6 /* Resources */ = {
			isa = PBXResourcesBuildPhase;
			buildActionMask = 2147483647;
			files = (
				D05788E622859AAF00DF26E6 /* LaunchScreen.storyboard in Resources */,
				D05788E322859AAF00DF26E6 /* Assets.xcassets in Resources */,
				D05788E122859AAA00DF26E6 /* Main.storyboard in Resources */,
			);
			runOnlyForDeploymentPostprocessing = 0;
		};
		D05788EA22859AAF00DF26E6 /* Resources */ = {
			isa = PBXResourcesBuildPhase;
			buildActionMask = 2147483647;
			files = (
			);
			runOnlyForDeploymentPostprocessing = 0;
		};
		D05788F522859AAF00DF26E6 /* Resources */ = {
			isa = PBXResourcesBuildPhase;
			buildActionMask = 2147483647;
			files = (
			);
			runOnlyForDeploymentPostprocessing = 0;
		};
/* End PBXResourcesBuildPhase section */

/* Begin PBXSourcesBuildPhase section */
		3549BB1C1DA389CD00C63030 /* Sources */ = {
			isa = PBXSourcesBuildPhase;
			buildActionMask = 2147483647;
			files = (
				D0AC043121231A21002584B2 /* MLAudioPlayerProtocol.swift in Sources */,
				D0AC044E21231F28002584B2 /* MLGlobalAnimations.swift in Sources */,
				D0AC044321231CAD002584B2 /* UIColor+Hex.swift in Sources */,
				D0AC043721231C36002584B2 /* MLPlayerButtonView.swift in Sources */,
				D0AC043D21231C78002584B2 /* MLLabel.swift in Sources */,
				D0AC045A2124A35F002584B2 /* MLPlayerConfig.swift in Sources */,
				D0AC043421231A4C002584B2 /* MLAudioPlayerManager.swift in Sources */,
				D0AC044B21231E88002584B2 /* ViewConfiguration.swift in Sources */,
				D0AC04562123635D002584B2 /* MLRetryButton.swift in Sources */,
				D0AC043A21231C55002584B2 /* MLTrackPlayerView.swift in Sources */,
				359649031FB18CC000FC7ADC /* MLAudioPlayer.swift in Sources */,
			);
			runOnlyForDeploymentPostprocessing = 0;
		};
		3549BB5D1DA38ADB00C63030 /* Sources */ = {
			isa = PBXSourcesBuildPhase;
			buildActionMask = 2147483647;
			files = (
				3549BB8B1DA38C0A00C63030 /* MLAudioPlayerSpec.swift in Sources */,
			);
			runOnlyForDeploymentPostprocessing = 0;
		};
		D05788D522859AAA00DF26E6 /* Sources */ = {
			isa = PBXSourcesBuildPhase;
			buildActionMask = 2147483647;
			files = (
				D05788DE22859AAA00DF26E6 /* ViewController.swift in Sources */,
				D05788DC22859AAA00DF26E6 /* AppDelegate.swift in Sources */,
				D0FA27D822B13A99004A1CC8 /* ViewController2.swift in Sources */,
			);
			runOnlyForDeploymentPostprocessing = 0;
		};
		D05788E822859AAF00DF26E6 /* Sources */ = {
			isa = PBXSourcesBuildPhase;
			buildActionMask = 2147483647;
			files = (
				D05788F122859AAF00DF26E6 /* MLAudioPlayerDemoTests.swift in Sources */,
			);
			runOnlyForDeploymentPostprocessing = 0;
		};
		D05788F322859AAF00DF26E6 /* Sources */ = {
			isa = PBXSourcesBuildPhase;
			buildActionMask = 2147483647;
			files = (
				D05788FC22859AAF00DF26E6 /* MLAudioPlayerDemoUITests.swift in Sources */,
			);
			runOnlyForDeploymentPostprocessing = 0;
		};
/* End PBXSourcesBuildPhase section */

/* Begin PBXTargetDependency section */
		3549BB681DA38ADB00C63030 /* PBXTargetDependency */ = {
			isa = PBXTargetDependency;
			target = 3549BB201DA389CD00C63030 /* MLAudioPlayer-iOS */;
			targetProxy = 3549BB671DA38ADB00C63030 /* PBXContainerItemProxy */;
		};
		D05788EE22859AAF00DF26E6 /* PBXTargetDependency */ = {
			isa = PBXTargetDependency;
			target = D05788D822859AAA00DF26E6 /* MLAudioPlayerDemo */;
			targetProxy = D05788ED22859AAF00DF26E6 /* PBXContainerItemProxy */;
		};
		D05788F922859AAF00DF26E6 /* PBXTargetDependency */ = {
			isa = PBXTargetDependency;
			target = D05788D822859AAA00DF26E6 /* MLAudioPlayerDemo */;
			targetProxy = D05788F822859AAF00DF26E6 /* PBXContainerItemProxy */;
		};
		D075F63F2285AF0C00BDD92D /* PBXTargetDependency */ = {
			isa = PBXTargetDependency;
			target = 3549BB201DA389CD00C63030 /* MLAudioPlayer-iOS */;
			targetProxy = D075F63E2285AF0C00BDD92D /* PBXContainerItemProxy */;
		};
/* End PBXTargetDependency section */

/* Begin PBXVariantGroup section */
		D05788DF22859AAA00DF26E6 /* Main.storyboard */ = {
			isa = PBXVariantGroup;
			children = (
				D05788E022859AAA00DF26E6 /* Base */,
			);
			name = Main.storyboard;
			sourceTree = "<group>";
		};
		D05788E422859AAF00DF26E6 /* LaunchScreen.storyboard */ = {
			isa = PBXVariantGroup;
			children = (
				D05788E522859AAF00DF26E6 /* Base */,
			);
			name = LaunchScreen.storyboard;
			sourceTree = "<group>";
		};
/* End PBXVariantGroup section */

/* Begin XCBuildConfiguration section */
		3549BB0B1DA387DB00C63030 /* Debug */ = {
			isa = XCBuildConfiguration;
			buildSettings = {
				ALWAYS_SEARCH_USER_PATHS = NO;
				CLANG_ANALYZER_NONNULL = YES;
				CLANG_CXX_LANGUAGE_STANDARD = "gnu++0x";
				CLANG_CXX_LIBRARY = "libc++";
				CLANG_ENABLE_MODULES = YES;
				CLANG_ENABLE_OBJC_ARC = YES;
				CLANG_WARN_BLOCK_CAPTURE_AUTORELEASING = YES;
				CLANG_WARN_BOOL_CONVERSION = YES;
				CLANG_WARN_COMMA = YES;
				CLANG_WARN_CONSTANT_CONVERSION = YES;
				CLANG_WARN_DEPRECATED_OBJC_IMPLEMENTATIONS = YES;
				CLANG_WARN_DIRECT_OBJC_ISA_USAGE = YES_ERROR;
				CLANG_WARN_DOCUMENTATION_COMMENTS = YES;
				CLANG_WARN_EMPTY_BODY = YES;
				CLANG_WARN_ENUM_CONVERSION = YES;
				CLANG_WARN_INFINITE_RECURSION = YES;
				CLANG_WARN_INT_CONVERSION = YES;
				CLANG_WARN_NON_LITERAL_NULL_CONVERSION = YES;
				CLANG_WARN_OBJC_IMPLICIT_RETAIN_SELF = YES;
				CLANG_WARN_OBJC_LITERAL_CONVERSION = YES;
				CLANG_WARN_OBJC_ROOT_CLASS = YES_ERROR;
				CLANG_WARN_RANGE_LOOP_ANALYSIS = YES;
				CLANG_WARN_STRICT_PROTOTYPES = YES;
				CLANG_WARN_SUSPICIOUS_MOVE = YES;
				CLANG_WARN_SUSPICIOUS_MOVES = YES;
				CLANG_WARN_UNREACHABLE_CODE = YES;
				CLANG_WARN__DUPLICATE_METHOD_MATCH = YES;
				COPY_PHASE_STRIP = NO;
				CURRENT_PROJECT_VERSION = 1;
				DEBUG_INFORMATION_FORMAT = dwarf;
				ENABLE_STRICT_OBJC_MSGSEND = YES;
				ENABLE_TESTABILITY = YES;
				GCC_C_LANGUAGE_STANDARD = gnu99;
				GCC_DYNAMIC_NO_PIC = NO;
				GCC_NO_COMMON_BLOCKS = YES;
				GCC_OPTIMIZATION_LEVEL = 0;
				GCC_PREPROCESSOR_DEFINITIONS = (
					"DEBUG=1",
					"$(inherited)",
				);
				GCC_WARN_64_TO_32_BIT_CONVERSION = YES;
				GCC_WARN_ABOUT_RETURN_TYPE = YES_ERROR;
				GCC_WARN_UNDECLARED_SELECTOR = YES;
				GCC_WARN_UNINITIALIZED_AUTOS = YES_AGGRESSIVE;
				GCC_WARN_UNUSED_FUNCTION = YES;
				GCC_WARN_UNUSED_VARIABLE = YES;
				IPHONEOS_DEPLOYMENT_TARGET = 10.0;
				MACOSX_DEPLOYMENT_TARGET = 10.10;
				MTL_ENABLE_DEBUG_INFO = YES;
				ONLY_ACTIVE_ARCH = YES;
				SDKROOT = iphoneos;
				SWIFT_ACTIVE_COMPILATION_CONDITIONS = DEBUG;
				SWIFT_OPTIMIZATION_LEVEL = "-Onone";
				SWIFT_SWIFT3_OBJC_INFERENCE = On;
				SWIFT_VERSION = 5.0;
				TARGETED_DEVICE_FAMILY = "1,2";
				VERSIONING_SYSTEM = "apple-generic";
				VERSION_INFO_PREFIX = "";
			};
			name = Debug;
		};
		3549BB0C1DA387DB00C63030 /* Release */ = {
			isa = XCBuildConfiguration;
			buildSettings = {
				ALWAYS_SEARCH_USER_PATHS = NO;
				CLANG_ANALYZER_NONNULL = YES;
				CLANG_CXX_LANGUAGE_STANDARD = "gnu++0x";
				CLANG_CXX_LIBRARY = "libc++";
				CLANG_ENABLE_MODULES = YES;
				CLANG_ENABLE_OBJC_ARC = YES;
				CLANG_WARN_BLOCK_CAPTURE_AUTORELEASING = YES;
				CLANG_WARN_BOOL_CONVERSION = YES;
				CLANG_WARN_COMMA = YES;
				CLANG_WARN_CONSTANT_CONVERSION = YES;
				CLANG_WARN_DEPRECATED_OBJC_IMPLEMENTATIONS = YES;
				CLANG_WARN_DIRECT_OBJC_ISA_USAGE = YES_ERROR;
				CLANG_WARN_DOCUMENTATION_COMMENTS = YES;
				CLANG_WARN_EMPTY_BODY = YES;
				CLANG_WARN_ENUM_CONVERSION = YES;
				CLANG_WARN_INFINITE_RECURSION = YES;
				CLANG_WARN_INT_CONVERSION = YES;
				CLANG_WARN_NON_LITERAL_NULL_CONVERSION = YES;
				CLANG_WARN_OBJC_IMPLICIT_RETAIN_SELF = YES;
				CLANG_WARN_OBJC_LITERAL_CONVERSION = YES;
				CLANG_WARN_OBJC_ROOT_CLASS = YES_ERROR;
				CLANG_WARN_RANGE_LOOP_ANALYSIS = YES;
				CLANG_WARN_STRICT_PROTOTYPES = YES;
				CLANG_WARN_SUSPICIOUS_MOVE = YES;
				CLANG_WARN_SUSPICIOUS_MOVES = YES;
				CLANG_WARN_UNREACHABLE_CODE = YES;
				CLANG_WARN__DUPLICATE_METHOD_MATCH = YES;
				COPY_PHASE_STRIP = NO;
				CURRENT_PROJECT_VERSION = 1;
				DEBUG_INFORMATION_FORMAT = "dwarf-with-dsym";
				ENABLE_NS_ASSERTIONS = NO;
				ENABLE_STRICT_OBJC_MSGSEND = YES;
				GCC_C_LANGUAGE_STANDARD = gnu99;
				GCC_NO_COMMON_BLOCKS = YES;
				GCC_WARN_64_TO_32_BIT_CONVERSION = YES;
				GCC_WARN_ABOUT_RETURN_TYPE = YES_ERROR;
				GCC_WARN_UNDECLARED_SELECTOR = YES;
				GCC_WARN_UNINITIALIZED_AUTOS = YES_AGGRESSIVE;
				GCC_WARN_UNUSED_FUNCTION = YES;
				GCC_WARN_UNUSED_VARIABLE = YES;
				IPHONEOS_DEPLOYMENT_TARGET = 10.0;
				MACOSX_DEPLOYMENT_TARGET = 10.10;
				MTL_ENABLE_DEBUG_INFO = NO;
				SDKROOT = iphoneos;
				SWIFT_OPTIMIZATION_LEVEL = "-Owholemodule";
				SWIFT_SWIFT3_OBJC_INFERENCE = On;
				SWIFT_VERSION = 5.0;
				TARGETED_DEVICE_FAMILY = "1,2";
				VALIDATE_PRODUCT = YES;
				VERSIONING_SYSTEM = "apple-generic";
				VERSION_INFO_PREFIX = "";
			};
			name = Release;
		};
		3549BB271DA389CD00C63030 /* Debug */ = {
			isa = XCBuildConfiguration;
			buildSettings = {
				CLANG_ENABLE_MODULES = YES;
				CODE_SIGN_IDENTITY = "iPhone Developer";
				DEFINES_MODULE = YES;
				DEVELOPMENT_TEAM = 25RYDD756Z;
				DYLIB_COMPATIBILITY_VERSION = 1;
				DYLIB_CURRENT_VERSION = 1;
				DYLIB_INSTALL_NAME_BASE = "@rpath";
				FRAMEWORK_SEARCH_PATHS = "$(inherited)";
				INFOPLIST_FILE = Sources/Info.plist;
				INSTALL_PATH = "$(LOCAL_LIBRARY_DIR)/Frameworks";
				IPHONEOS_DEPLOYMENT_TARGET = 10.0;
				LD_RUNPATH_SEARCH_PATHS = "$(inherited) @executable_path/Frameworks @loader_path/Frameworks";
				PRODUCT_BUNDLE_IDENTIFIER = me.micheltlutz.MLAudioPlayer.MLAudioPlayer;
				PRODUCT_NAME = MLAudioPlayer;
				SKIP_INSTALL = YES;
				SWIFT_OPTIMIZATION_LEVEL = "-Onone";
				SWIFT_SWIFT3_OBJC_INFERENCE = Default;
				SWIFT_VERSION = 5.0;
			};
			name = Debug;
		};
		3549BB281DA389CD00C63030 /* Release */ = {
			isa = XCBuildConfiguration;
			buildSettings = {
				CLANG_ENABLE_MODULES = YES;
				CODE_SIGN_IDENTITY = "iPhone Developer";
				DEFINES_MODULE = YES;
				DEVELOPMENT_TEAM = 25RYDD756Z;
				DYLIB_COMPATIBILITY_VERSION = 1;
				DYLIB_CURRENT_VERSION = 1;
				DYLIB_INSTALL_NAME_BASE = "@rpath";
				FRAMEWORK_SEARCH_PATHS = "$(inherited)";
				INFOPLIST_FILE = Sources/Info.plist;
				INSTALL_PATH = "$(LOCAL_LIBRARY_DIR)/Frameworks";
				IPHONEOS_DEPLOYMENT_TARGET = 10.0;
				LD_RUNPATH_SEARCH_PATHS = "$(inherited) @executable_path/Frameworks @loader_path/Frameworks";
				PRODUCT_BUNDLE_IDENTIFIER = me.micheltlutz.MLAudioPlayer.MLAudioPlayer;
				PRODUCT_NAME = MLAudioPlayer;
				SKIP_INSTALL = YES;
				SWIFT_SWIFT3_OBJC_INFERENCE = Default;
				SWIFT_VERSION = 5.0;
			};
			name = Release;
		};
		3549BB6A1DA38ADB00C63030 /* Debug */ = {
			isa = XCBuildConfiguration;
			buildSettings = {
				ALWAYS_EMBED_SWIFT_STANDARD_LIBRARIES = YES;
				CLANG_ENABLE_MODULES = YES;
				FRAMEWORK_SEARCH_PATHS = (
					"$(inherited)",
					"$(PROJECT_DIR)/Carthage/Build/iOS",
				);
				INFOPLIST_FILE = Tests/Info.plist;
				LD_RUNPATH_SEARCH_PATHS = "$(inherited) @executable_path/Frameworks @loader_path/Frameworks";
				PRODUCT_BUNDLE_IDENTIFIER = me.micheltlutz.MLAudioPlayer.MLAudioPlayerTests;
				PRODUCT_NAME = "$(TARGET_NAME)";
				SWIFT_OPTIMIZATION_LEVEL = "-Onone";
				SWIFT_SWIFT3_OBJC_INFERENCE = Default;
				SWIFT_VERSION = 5.0;
			};
			name = Debug;
		};
		3549BB6B1DA38ADB00C63030 /* Release */ = {
			isa = XCBuildConfiguration;
			buildSettings = {
				ALWAYS_EMBED_SWIFT_STANDARD_LIBRARIES = YES;
				CLANG_ENABLE_MODULES = YES;
				FRAMEWORK_SEARCH_PATHS = (
					"$(inherited)",
					"$(PROJECT_DIR)/Carthage/Build/iOS",
				);
				INFOPLIST_FILE = Tests/Info.plist;
				LD_RUNPATH_SEARCH_PATHS = "$(inherited) @executable_path/Frameworks @loader_path/Frameworks";
				PRODUCT_BUNDLE_IDENTIFIER = me.micheltlutz.MLAudioPlayer.MLAudioPlayerTests;
				PRODUCT_NAME = "$(TARGET_NAME)";
				SWIFT_SWIFT3_OBJC_INFERENCE = Default;
				SWIFT_VERSION = 5.0;
			};
			name = Release;
		};
		D05788FE22859AAF00DF26E6 /* Debug */ = {
			isa = XCBuildConfiguration;
			buildSettings = {
				ALWAYS_EMBED_SWIFT_STANDARD_LIBRARIES = YES;
				ASSETCATALOG_COMPILER_APPICON_NAME = AppIcon;
				CLANG_ANALYZER_NUMBER_OBJECT_CONVERSION = YES_AGGRESSIVE;
				CLANG_CXX_LANGUAGE_STANDARD = "gnu++14";
				CLANG_ENABLE_OBJC_WEAK = YES;
				CLANG_WARN_UNGUARDED_AVAILABILITY = YES_AGGRESSIVE;
				CODE_SIGN_IDENTITY = "iPhone Developer";
				CODE_SIGN_STYLE = Automatic;
				DEVELOPMENT_TEAM = 25RYDD756Z;
				GCC_C_LANGUAGE_STANDARD = gnu11;
				INFOPLIST_FILE = MLAudioPlayerDemo/Info.plist;
				IPHONEOS_DEPLOYMENT_TARGET = 10.0;
				LD_RUNPATH_SEARCH_PATHS = "$(inherited) @executable_path/Frameworks";
				MTL_ENABLE_DEBUG_INFO = INCLUDE_SOURCE;
				MTL_FAST_MATH = YES;
				PRODUCT_BUNDLE_IDENTIFIER = me.micheltlutz.MLAudioPlayerDemo;
				PRODUCT_NAME = "$(TARGET_NAME)";
				SWIFT_VERSION = 5.0;
				TARGETED_DEVICE_FAMILY = "1,2";
			};
			name = Debug;
		};
		D05788FF22859AAF00DF26E6 /* Release */ = {
			isa = XCBuildConfiguration;
			buildSettings = {
				ALWAYS_EMBED_SWIFT_STANDARD_LIBRARIES = YES;
				ASSETCATALOG_COMPILER_APPICON_NAME = AppIcon;
				CLANG_ANALYZER_NUMBER_OBJECT_CONVERSION = YES_AGGRESSIVE;
				CLANG_CXX_LANGUAGE_STANDARD = "gnu++14";
				CLANG_ENABLE_OBJC_WEAK = YES;
				CLANG_WARN_UNGUARDED_AVAILABILITY = YES_AGGRESSIVE;
				CODE_SIGN_IDENTITY = "iPhone Developer";
				CODE_SIGN_STYLE = Automatic;
				DEVELOPMENT_TEAM = 25RYDD756Z;
				GCC_C_LANGUAGE_STANDARD = gnu11;
				INFOPLIST_FILE = MLAudioPlayerDemo/Info.plist;
				IPHONEOS_DEPLOYMENT_TARGET = 10.0;
				LD_RUNPATH_SEARCH_PATHS = "$(inherited) @executable_path/Frameworks";
				MTL_FAST_MATH = YES;
				PRODUCT_BUNDLE_IDENTIFIER = me.micheltlutz.MLAudioPlayerDemo;
				PRODUCT_NAME = "$(TARGET_NAME)";
				SWIFT_VERSION = 5.0;
				TARGETED_DEVICE_FAMILY = "1,2";
			};
			name = Release;
		};
		D057890022859AAF00DF26E6 /* Debug */ = {
			isa = XCBuildConfiguration;
			buildSettings = {
				ALWAYS_EMBED_SWIFT_STANDARD_LIBRARIES = YES;
				BUNDLE_LOADER = "$(TEST_HOST)";
				CLANG_ANALYZER_NUMBER_OBJECT_CONVERSION = YES_AGGRESSIVE;
				CLANG_CXX_LANGUAGE_STANDARD = "gnu++14";
				CLANG_ENABLE_OBJC_WEAK = YES;
				CLANG_WARN_UNGUARDED_AVAILABILITY = YES_AGGRESSIVE;
				CODE_SIGN_IDENTITY = "iPhone Developer";
				CODE_SIGN_STYLE = Automatic;
				DEVELOPMENT_TEAM = 25RYDD756Z;
				GCC_C_LANGUAGE_STANDARD = gnu11;
				INFOPLIST_FILE = MLAudioPlayerDemoTests/Info.plist;
				IPHONEOS_DEPLOYMENT_TARGET = 12.2;
				LD_RUNPATH_SEARCH_PATHS = "$(inherited) @executable_path/Frameworks @loader_path/Frameworks";
				MTL_ENABLE_DEBUG_INFO = INCLUDE_SOURCE;
				MTL_FAST_MATH = YES;
				PRODUCT_BUNDLE_IDENTIFIER = me.micheltlutz.MLAudioPlayerDemoTests;
				PRODUCT_NAME = "$(TARGET_NAME)";
				SWIFT_VERSION = 5.0;
				TARGETED_DEVICE_FAMILY = "1,2";
				TEST_HOST = "$(BUILT_PRODUCTS_DIR)/MLAudioPlayerDemo.app/MLAudioPlayerDemo";
			};
			name = Debug;
		};
		D057890122859AAF00DF26E6 /* Release */ = {
			isa = XCBuildConfiguration;
			buildSettings = {
				ALWAYS_EMBED_SWIFT_STANDARD_LIBRARIES = YES;
				BUNDLE_LOADER = "$(TEST_HOST)";
				CLANG_ANALYZER_NUMBER_OBJECT_CONVERSION = YES_AGGRESSIVE;
				CLANG_CXX_LANGUAGE_STANDARD = "gnu++14";
				CLANG_ENABLE_OBJC_WEAK = YES;
				CLANG_WARN_UNGUARDED_AVAILABILITY = YES_AGGRESSIVE;
				CODE_SIGN_IDENTITY = "iPhone Developer";
				CODE_SIGN_STYLE = Automatic;
				DEVELOPMENT_TEAM = 25RYDD756Z;
				GCC_C_LANGUAGE_STANDARD = gnu11;
				INFOPLIST_FILE = MLAudioPlayerDemoTests/Info.plist;
				IPHONEOS_DEPLOYMENT_TARGET = 12.2;
				LD_RUNPATH_SEARCH_PATHS = "$(inherited) @executable_path/Frameworks @loader_path/Frameworks";
				MTL_FAST_MATH = YES;
				PRODUCT_BUNDLE_IDENTIFIER = me.micheltlutz.MLAudioPlayerDemoTests;
				PRODUCT_NAME = "$(TARGET_NAME)";
				SWIFT_VERSION = 5.0;
				TARGETED_DEVICE_FAMILY = "1,2";
				TEST_HOST = "$(BUILT_PRODUCTS_DIR)/MLAudioPlayerDemo.app/MLAudioPlayerDemo";
			};
			name = Release;
		};
		D057890222859AAF00DF26E6 /* Debug */ = {
			isa = XCBuildConfiguration;
			buildSettings = {
				ALWAYS_EMBED_SWIFT_STANDARD_LIBRARIES = YES;
				CLANG_ANALYZER_NUMBER_OBJECT_CONVERSION = YES_AGGRESSIVE;
				CLANG_CXX_LANGUAGE_STANDARD = "gnu++14";
				CLANG_ENABLE_OBJC_WEAK = YES;
				CLANG_WARN_UNGUARDED_AVAILABILITY = YES_AGGRESSIVE;
				CODE_SIGN_IDENTITY = "iPhone Developer";
				CODE_SIGN_STYLE = Automatic;
				DEVELOPMENT_TEAM = 25RYDD756Z;
				GCC_C_LANGUAGE_STANDARD = gnu11;
				INFOPLIST_FILE = MLAudioPlayerDemoUITests/Info.plist;
				IPHONEOS_DEPLOYMENT_TARGET = 12.2;
				LD_RUNPATH_SEARCH_PATHS = "$(inherited) @executable_path/Frameworks @loader_path/Frameworks";
				MTL_ENABLE_DEBUG_INFO = INCLUDE_SOURCE;
				MTL_FAST_MATH = YES;
				PRODUCT_BUNDLE_IDENTIFIER = me.micheltlutz.MLAudioPlayerDemoUITests;
				PRODUCT_NAME = "$(TARGET_NAME)";
				SWIFT_VERSION = 5.0;
				TARGETED_DEVICE_FAMILY = "1,2";
				TEST_TARGET_NAME = MLAudioPlayerDemo;
			};
			name = Debug;
		};
		D057890322859AAF00DF26E6 /* Release */ = {
			isa = XCBuildConfiguration;
			buildSettings = {
				ALWAYS_EMBED_SWIFT_STANDARD_LIBRARIES = YES;
				CLANG_ANALYZER_NUMBER_OBJECT_CONVERSION = YES_AGGRESSIVE;
				CLANG_CXX_LANGUAGE_STANDARD = "gnu++14";
				CLANG_ENABLE_OBJC_WEAK = YES;
				CLANG_WARN_UNGUARDED_AVAILABILITY = YES_AGGRESSIVE;
				CODE_SIGN_IDENTITY = "iPhone Developer";
				CODE_SIGN_STYLE = Automatic;
				DEVELOPMENT_TEAM = 25RYDD756Z;
				GCC_C_LANGUAGE_STANDARD = gnu11;
				INFOPLIST_FILE = MLAudioPlayerDemoUITests/Info.plist;
				IPHONEOS_DEPLOYMENT_TARGET = 12.2;
				LD_RUNPATH_SEARCH_PATHS = "$(inherited) @executable_path/Frameworks @loader_path/Frameworks";
				MTL_FAST_MATH = YES;
				PRODUCT_BUNDLE_IDENTIFIER = me.micheltlutz.MLAudioPlayerDemoUITests;
				PRODUCT_NAME = "$(TARGET_NAME)";
				SWIFT_VERSION = 5.0;
				TARGETED_DEVICE_FAMILY = "1,2";
				TEST_TARGET_NAME = MLAudioPlayerDemo;
			};
			name = Release;
		};
/* End XCBuildConfiguration section */

/* Begin XCConfigurationList section */
		3549BAFF1DA387DB00C63030 /* Build configuration list for PBXProject "MLAudioPlayer" */ = {
			isa = XCConfigurationList;
			buildConfigurations = (
				3549BB0B1DA387DB00C63030 /* Debug */,
				3549BB0C1DA387DB00C63030 /* Release */,
			);
			defaultConfigurationIsVisible = 0;
			defaultConfigurationName = Release;
		};
		3549BB261DA389CD00C63030 /* Build configuration list for PBXNativeTarget "MLAudioPlayer-iOS" */ = {
			isa = XCConfigurationList;
			buildConfigurations = (
				3549BB271DA389CD00C63030 /* Debug */,
				3549BB281DA389CD00C63030 /* Release */,
			);
			defaultConfigurationIsVisible = 0;
			defaultConfigurationName = Release;
		};
		3549BB691DA38ADB00C63030 /* Build configuration list for PBXNativeTarget "MLAudioPlayerTests-iOS" */ = {
			isa = XCConfigurationList;
			buildConfigurations = (
				3549BB6A1DA38ADB00C63030 /* Debug */,
				3549BB6B1DA38ADB00C63030 /* Release */,
			);
			defaultConfigurationIsVisible = 0;
			defaultConfigurationName = Release;
		};
		D057890422859AAF00DF26E6 /* Build configuration list for PBXNativeTarget "MLAudioPlayerDemo" */ = {
			isa = XCConfigurationList;
			buildConfigurations = (
				D05788FE22859AAF00DF26E6 /* Debug */,
				D05788FF22859AAF00DF26E6 /* Release */,
			);
			defaultConfigurationIsVisible = 0;
			defaultConfigurationName = Release;
		};
		D057890522859AAF00DF26E6 /* Build configuration list for PBXNativeTarget "MLAudioPlayerDemoTests" */ = {
			isa = XCConfigurationList;
			buildConfigurations = (
				D057890022859AAF00DF26E6 /* Debug */,
				D057890122859AAF00DF26E6 /* Release */,
			);
			defaultConfigurationIsVisible = 0;
			defaultConfigurationName = Release;
		};
		D057890622859AAF00DF26E6 /* Build configuration list for PBXNativeTarget "MLAudioPlayerDemoUITests" */ = {
			isa = XCConfigurationList;
			buildConfigurations = (
				D057890222859AAF00DF26E6 /* Debug */,
				D057890322859AAF00DF26E6 /* Release */,
			);
			defaultConfigurationIsVisible = 0;
			defaultConfigurationName = Release;
		};
/* End XCConfigurationList section */
	};
	rootObject = 3549BAFC1DA387DB00C63030 /* Project object */;
}
